// !$*UTF8*$!
{
	archiveVersion = 1;
	classes = {
	};
	objectVersion = 46;
	objects = {

/* Begin PBXBuildFile section */
		10D8086F1C4225BE0074B058 /* AppDelegate.swift in Sources */ = {isa = PBXBuildFile; fileRef = 10D8086E1C4225BE0074B058 /* AppDelegate.swift */; };
		10D808711C4225BE0074B058 /* ViewController.swift in Sources */ = {isa = PBXBuildFile; fileRef = 10D808701C4225BE0074B058 /* ViewController.swift */; };
		10D808741C4225BE0074B058 /* Main.storyboard in Resources */ = {isa = PBXBuildFile; fileRef = 10D808721C4225BE0074B058 /* Main.storyboard */; settings = {ASSET_TAGS = (123, ); }; };
		10D808761C4225BE0074B058 /* Assets.xcassets in Resources */ = {isa = PBXBuildFile; fileRef = 10D808751C4225BE0074B058 /* Assets.xcassets */; };
		10D808791C4225BE0074B058 /* LaunchScreen.storyboard in Resources */ = {isa = PBXBuildFile; fileRef = 10D808771C4225BE0074B058 /* LaunchScreen.storyboard */; };
		10D808841C4225BE0074B058 /* tip_calculatorTests.swift in Sources */ = {isa = PBXBuildFile; fileRef = 10D808831C4225BE0074B058 /* tip_calculatorTests.swift */; };
		10D8088F1C4225BE0074B058 /* tip_calculatorUITests.swift in Sources */ = {isa = PBXBuildFile; fileRef = 10D8088E1C4225BE0074B058 /* tip_calculatorUITests.swift */; };
		10D808A61C430B870074B058 /* SettingsViewController.swift in Sources */ = {isa = PBXBuildFile; fileRef = 10D808A41C430B870074B058 /* SettingsViewController.swift */; };
		10D808A71C430B870074B058 /* SettingsViewController.xib in Resources */ = {isa = PBXBuildFile; fileRef = 10D808A51C430B870074B058 /* SettingsViewController.xib */; };
		10D808AA1C4334C00074B058 /* CustomTipViewController.swift in Sources */ = {isa = PBXBuildFile; fileRef = 10D808A81C4334C00074B058 /* CustomTipViewController.swift */; };
		10D808AB1C4334C00074B058 /* CustomTipViewController.xib in Resources */ = {isa = PBXBuildFile; fileRef = 10D808A91C4334C00074B058 /* CustomTipViewController.xib */; };
		10D808B01C5F13410074B058 /* SuggestedTipCollectionViewController.swift in Sources */ = {isa = PBXBuildFile; fileRef = 10D808AE1C5F13410074B058 /* SuggestedTipCollectionViewController.swift */; };
		10D808B11C5F13410074B058 /* SuggestedTipCollectionViewController.xib in Resources */ = {isa = PBXBuildFile; fileRef = 10D808AF1C5F13410074B058 /* SuggestedTipCollectionViewController.xib */; };
		10D808B31C5F3F2D0074B058 /* SuggestedTipCollectionViewCell.swift in Sources */ = {isa = PBXBuildFile; fileRef = 10D808B21C5F3F2D0074B058 /* SuggestedTipCollectionViewCell.swift */; };
/* End PBXBuildFile section */

/* Begin PBXContainerItemProxy section */
		10D808801C4225BE0074B058 /* PBXContainerItemProxy */ = {
			isa = PBXContainerItemProxy;
			containerPortal = 10D808631C4225BE0074B058 /* Project object */;
			proxyType = 1;
			remoteGlobalIDString = 10D8086A1C4225BE0074B058;
			remoteInfo = tip_calculator;
		};
		10D8088B1C4225BE0074B058 /* PBXContainerItemProxy */ = {
			isa = PBXContainerItemProxy;
			containerPortal = 10D808631C4225BE0074B058 /* Project object */;
			proxyType = 1;
			remoteGlobalIDString = 10D8086A1C4225BE0074B058;
			remoteInfo = tip_calculator;
		};
/* End PBXContainerItemProxy section */

/* Begin PBXFileReference section */
		10D8086B1C4225BE0074B058 /* tip_calculator.app */ = {isa = PBXFileReference; explicitFileType = wrapper.application; includeInIndex = 0; path = tip_calculator.app; sourceTree = BUILT_PRODUCTS_DIR; };
		10D8086E1C4225BE0074B058 /* AppDelegate.swift */ = {isa = PBXFileReference; lastKnownFileType = sourcecode.swift; path = AppDelegate.swift; sourceTree = "<group>"; };
		10D808701C4225BE0074B058 /* ViewController.swift */ = {isa = PBXFileReference; lastKnownFileType = sourcecode.swift; path = ViewController.swift; sourceTree = "<group>"; };
		10D808731C4225BE0074B058 /* Base */ = {isa = PBXFileReference; lastKnownFileType = file.storyboard; name = Base; path = Base.lproj/Main.storyboard; sourceTree = "<group>"; };
		10D808751C4225BE0074B058 /* Assets.xcassets */ = {isa = PBXFileReference; lastKnownFileType = folder.assetcatalog; path = Assets.xcassets; sourceTree = "<group>"; };
		10D808781C4225BE0074B058 /* Base */ = {isa = PBXFileReference; lastKnownFileType = file.storyboard; name = Base; path = Base.lproj/LaunchScreen.storyboard; sourceTree = "<group>"; };
		10D8087A1C4225BE0074B058 /* Info.plist */ = {isa = PBXFileReference; lastKnownFileType = text.plist.xml; path = Info.plist; sourceTree = "<group>"; };
		10D8087F1C4225BE0074B058 /* tip_calculatorTests.xctest */ = {isa = PBXFileReference; explicitFileType = wrapper.cfbundle; includeInIndex = 0; path = tip_calculatorTests.xctest; sourceTree = BUILT_PRODUCTS_DIR; };
		10D808831C4225BE0074B058 /* tip_calculatorTests.swift */ = {isa = PBXFileReference; lastKnownFileType = sourcecode.swift; path = tip_calculatorTests.swift; sourceTree = "<group>"; };
		10D808851C4225BE0074B058 /* Info.plist */ = {isa = PBXFileReference; lastKnownFileType = text.plist.xml; path = Info.plist; sourceTree = "<group>"; };
		10D8088A1C4225BE0074B058 /* tip_calculatorUITests.xctest */ = {isa = PBXFileReference; explicitFileType = wrapper.cfbundle; includeInIndex = 0; path = tip_calculatorUITests.xctest; sourceTree = BUILT_PRODUCTS_DIR; };
		10D8088E1C4225BE0074B058 /* tip_calculatorUITests.swift */ = {isa = PBXFileReference; lastKnownFileType = sourcecode.swift; path = tip_calculatorUITests.swift; sourceTree = "<group>"; };
		10D808901C4225BE0074B058 /* Info.plist */ = {isa = PBXFileReference; lastKnownFileType = text.plist.xml; path = Info.plist; sourceTree = "<group>"; };
		10D808A41C430B870074B058 /* SettingsViewController.swift */ = {isa = PBXFileReference; fileEncoding = 4; lastKnownFileType = sourcecode.swift; path = SettingsViewController.swift; sourceTree = "<group>"; };
		10D808A51C430B870074B058 /* SettingsViewController.xib */ = {isa = PBXFileReference; fileEncoding = 4; lastKnownFileType = file.xib; path = SettingsViewController.xib; sourceTree = "<group>"; };
		10D808A81C4334C00074B058 /* CustomTipViewController.swift */ = {isa = PBXFileReference; fileEncoding = 4; lastKnownFileType = sourcecode.swift; path = CustomTipViewController.swift; sourceTree = "<group>"; };
		10D808A91C4334C00074B058 /* CustomTipViewController.xib */ = {isa = PBXFileReference; fileEncoding = 4; lastKnownFileType = file.xib; path = CustomTipViewController.xib; sourceTree = "<group>"; };
		10D808AE1C5F13410074B058 /* SuggestedTipCollectionViewController.swift */ = {isa = PBXFileReference; fileEncoding = 4; lastKnownFileType = sourcecode.swift; path = SuggestedTipCollectionViewController.swift; sourceTree = "<group>"; };
		10D808AF1C5F13410074B058 /* SuggestedTipCollectionViewController.xib */ = {isa = PBXFileReference; fileEncoding = 4; lastKnownFileType = file.xib; path = SuggestedTipCollectionViewController.xib; sourceTree = "<group>"; };
		10D808B21C5F3F2D0074B058 /* SuggestedTipCollectionViewCell.swift */ = {isa = PBXFileReference; fileEncoding = 4; lastKnownFileType = sourcecode.swift; path = SuggestedTipCollectionViewCell.swift; sourceTree = "<group>"; };
/* End PBXFileReference section */

/* Begin PBXFrameworksBuildPhase section */
		10D808681C4225BE0074B058 /* Frameworks */ = {
			isa = PBXFrameworksBuildPhase;
			buildActionMask = 2147483647;
			files = (
			);
			runOnlyForDeploymentPostprocessing = 0;
		};
		10D8087C1C4225BE0074B058 /* Frameworks */ = {
			isa = PBXFrameworksBuildPhase;
			buildActionMask = 2147483647;
			files = (
			);
			runOnlyForDeploymentPostprocessing = 0;
		};
		10D808871C4225BE0074B058 /* Frameworks */ = {
			isa = PBXFrameworksBuildPhase;
			buildActionMask = 2147483647;
			files = (
			);
			runOnlyForDeploymentPostprocessing = 0;
		};
/* End PBXFrameworksBuildPhase section */

/* Begin PBXGroup section */
		10D808621C4225BE0074B058 = {
			isa = PBXGroup;
			children = (
				10D8086D1C4225BE0074B058 /* tip_calculator */,
				10D808821C4225BE0074B058 /* tip_calculatorTests */,
				10D8088D1C4225BE0074B058 /* tip_calculatorUITests */,
				10D8086C1C4225BE0074B058 /* Products */,
			);
			sourceTree = "<group>";
		};
		10D8086C1C4225BE0074B058 /* Products */ = {
			isa = PBXGroup;
			children = (
				10D8086B1C4225BE0074B058 /* tip_calculator.app */,
				10D8087F1C4225BE0074B058 /* tip_calculatorTests.xctest */,
				10D8088A1C4225BE0074B058 /* tip_calculatorUITests.xctest */,
			);
			name = Products;
			sourceTree = "<group>";
		};
		10D8086D1C4225BE0074B058 /* tip_calculator */ = {
			isa = PBXGroup;
			children = (
				10D8086E1C4225BE0074B058 /* AppDelegate.swift */,
				10D808701C4225BE0074B058 /* ViewController.swift */,
				10D808751C4225BE0074B058 /* Assets.xcassets */,
				10D808771C4225BE0074B058 /* LaunchScreen.storyboard */,
				10D8087A1C4225BE0074B058 /* Info.plist */,
				10D808A41C430B870074B058 /* SettingsViewController.swift */,
				10D808A51C430B870074B058 /* SettingsViewController.xib */,
				10D808A81C4334C00074B058 /* CustomTipViewController.swift */,
				10D808A91C4334C00074B058 /* CustomTipViewController.xib */,
				10D808721C4225BE0074B058 /* Main.storyboard */,
				10D808AE1C5F13410074B058 /* SuggestedTipCollectionViewController.swift */,
				10D808AF1C5F13410074B058 /* SuggestedTipCollectionViewController.xib */,
				10D808B21C5F3F2D0074B058 /* SuggestedTipCollectionViewCell.swift */,
			);
			path = tip_calculator;
			sourceTree = "<group>";
		};
		10D808821C4225BE0074B058 /* tip_calculatorTests */ = {
			isa = PBXGroup;
			children = (
				10D808831C4225BE0074B058 /* tip_calculatorTests.swift */,
				10D808851C4225BE0074B058 /* Info.plist */,
			);
			path = tip_calculatorTests;
			sourceTree = "<group>";
		};
		10D8088D1C4225BE0074B058 /* tip_calculatorUITests */ = {
			isa = PBXGroup;
			children = (
				10D8088E1C4225BE0074B058 /* tip_calculatorUITests.swift */,
				10D808901C4225BE0074B058 /* Info.plist */,
			);
			path = tip_calculatorUITests;
			sourceTree = "<group>";
		};
/* End PBXGroup section */

/* Begin PBXNativeTarget section */
		10D8086A1C4225BE0074B058 /* tip_calculator */ = {
			isa = PBXNativeTarget;
			buildConfigurationList = 10D808931C4225BE0074B058 /* Build configuration list for PBXNativeTarget "tip_calculator" */;
			buildPhases = (
				10D808671C4225BE0074B058 /* Sources */,
				10D808681C4225BE0074B058 /* Frameworks */,
				10D808691C4225BE0074B058 /* Resources */,
			);
			buildRules = (
			);
			dependencies = (
			);
			name = tip_calculator;
			productName = tip_calculator;
			productReference = 10D8086B1C4225BE0074B058 /* tip_calculator.app */;
			productType = "com.apple.product-type.application";
		};
		10D8087E1C4225BE0074B058 /* tip_calculatorTests */ = {
			isa = PBXNativeTarget;
			buildConfigurationList = 10D808961C4225BE0074B058 /* Build configuration list for PBXNativeTarget "tip_calculatorTests" */;
			buildPhases = (
				10D8087B1C4225BE0074B058 /* Sources */,
				10D8087C1C4225BE0074B058 /* Frameworks */,
				10D8087D1C4225BE0074B058 /* Resources */,
			);
			buildRules = (
			);
			dependencies = (
				10D808811C4225BE0074B058 /* PBXTargetDependency */,
			);
			name = tip_calculatorTests;
			productName = tip_calculatorTests;
			productReference = 10D8087F1C4225BE0074B058 /* tip_calculatorTests.xctest */;
			productType = "com.apple.product-type.bundle.unit-test";
		};
		10D808891C4225BE0074B058 /* tip_calculatorUITests */ = {
			isa = PBXNativeTarget;
			buildConfigurationList = 10D808991C4225BE0074B058 /* Build configuration list for PBXNativeTarget "tip_calculatorUITests" */;
			buildPhases = (
				10D808861C4225BE0074B058 /* Sources */,
				10D808871C4225BE0074B058 /* Frameworks */,
				10D808881C4225BE0074B058 /* Resources */,
			);
			buildRules = (
			);
			dependencies = (
				10D8088C1C4225BE0074B058 /* PBXTargetDependency */,
			);
			name = tip_calculatorUITests;
			productName = tip_calculatorUITests;
			productReference = 10D8088A1C4225BE0074B058 /* tip_calculatorUITests.xctest */;
			productType = "com.apple.product-type.bundle.ui-testing";
		};
/* End PBXNativeTarget section */

/* Begin PBXProject section */
		10D808631C4225BE0074B058 /* Project object */ = {
			isa = PBXProject;
			attributes = {
				KnownAssetTags = (
					123,
				);
				LastSwiftUpdateCheck = 0720;
				LastUpgradeCheck = 0720;
				ORGANIZATIONNAME = "Maha Govindarajan";
				TargetAttributes = {
					10D8086A1C4225BE0074B058 = {
						CreatedOnToolsVersion = 7.2;
					};
					10D8087E1C4225BE0074B058 = {
						CreatedOnToolsVersion = 7.2;
						TestTargetID = 10D8086A1C4225BE0074B058;
					};
					10D808891C4225BE0074B058 = {
						CreatedOnToolsVersion = 7.2;
						TestTargetID = 10D8086A1C4225BE0074B058;
					};
				};
			};
			buildConfigurationList = 10D808661C4225BE0074B058 /* Build configuration list for PBXProject "tip_calculator" */;
			compatibilityVersion = "Xcode 3.2";
			developmentRegion = English;
			hasScannedForEncodings = 0;
			knownRegions = (
				en,
				Base,
			);
			mainGroup = 10D808621C4225BE0074B058;
			productRefGroup = 10D8086C1C4225BE0074B058 /* Products */;
			projectDirPath = "";
			projectRoot = "";
			targets = (
				10D8086A1C4225BE0074B058 /* tip_calculator */,
				10D8087E1C4225BE0074B058 /* tip_calculatorTests */,
				10D808891C4225BE0074B058 /* tip_calculatorUITests */,
			);
		};
/* End PBXProject section */

/* Begin PBXResourcesBuildPhase section */
		10D808691C4225BE0074B058 /* Resources */ = {
			isa = PBXResourcesBuildPhase;
			buildActionMask = 2147483647;
			files = (
				10D808AB1C4334C00074B058 /* CustomTipViewController.xib in Resources */,
				10D808791C4225BE0074B058 /* LaunchScreen.storyboard in Resources */,
				10D808B11C5F13410074B058 /* SuggestedTipCollectionViewController.xib in Resources */,
				10D808761C4225BE0074B058 /* Assets.xcassets in Resources */,
				10D808741C4225BE0074B058 /* Main.storyboard in Resources */,
				10D808A71C430B870074B058 /* SettingsViewController.xib in Resources */,
			);
			runOnlyForDeploymentPostprocessing = 0;
		};
		10D8087D1C4225BE0074B058 /* Resources */ = {
			isa = PBXResourcesBuildPhase;
			buildActionMask = 2147483647;
			files = (
			);
			runOnlyForDeploymentPostprocessing = 0;
		};
		10D808881C4225BE0074B058 /* Resources */ = {
			isa = PBXResourcesBuildPhase;
			buildActionMask = 2147483647;
			files = (
			);
			runOnlyForDeploymentPostprocessing = 0;
		};
/* End PBXResourcesBuildPhase section */

/* Begin PBXSourcesBuildPhase section */
		10D808671C4225BE0074B058 /* Sources */ = {
			isa = PBXSourcesBuildPhase;
			buildActionMask = 2147483647;
			files = (
				10D808711C4225BE0074B058 /* ViewController.swift in Sources */,
				10D808B01C5F13410074B058 /* SuggestedTipCollectionViewController.swift in Sources */,
				10D808B31C5F3F2D0074B058 /* SuggestedTipCollectionViewCell.swift in Sources */,
				10D8086F1C4225BE0074B058 /* AppDelegate.swift in Sources */,
				10D808A61C430B870074B058 /* SettingsViewController.swift in Sources */,
				10D808AA1C4334C00074B058 /* CustomTipViewController.swift in Sources */,
			);
			runOnlyForDeploymentPostprocessing = 0;
		};
		10D8087B1C4225BE0074B058 /* Sources */ = {
			isa = PBXSourcesBuildPhase;
			buildActionMask = 2147483647;
			files = (
				10D808841C4225BE0074B058 /* tip_calculatorTests.swift in Sources */,
			);
			runOnlyForDeploymentPostprocessing = 0;
		};
		10D808861C4225BE0074B058 /* Sources */ = {
			isa = PBXSourcesBuildPhase;
			buildActionMask = 2147483647;
			files = (
				10D8088F1C4225BE0074B058 /* tip_calculatorUITests.swift in Sources */,
			);
			runOnlyForDeploymentPostprocessing = 0;
		};
/* End PBXSourcesBuildPhase section */

/* Begin PBXTargetDependency section */
		10D808811C4225BE0074B058 /* PBXTargetDependency */ = {
			isa = PBXTargetDependency;
			target = 10D8086A1C4225BE0074B058 /* tip_calculator */;
			targetProxy = 10D808801C4225BE0074B058 /* PBXContainerItemProxy */;
		};
		10D8088C1C4225BE0074B058 /* PBXTargetDependency */ = {
			isa = PBXTargetDependency;
			target = 10D8086A1C4225BE0074B058 /* tip_calculator */;
			targetProxy = 10D8088B1C4225BE0074B058 /* PBXContainerItemProxy */;
		};
/* End PBXTargetDependency section */

/* Begin PBXVariantGroup section */
		10D808721C4225BE0074B058 /* Main.storyboard */ = {
			isa = PBXVariantGroup;
			children = (
				10D808731C4225BE0074B058 /* Base */,
			);
			name = Main.storyboard;
			sourceTree = "<group>";
		};
		10D808771C4225BE0074B058 /* LaunchScreen.storyboard */ = {
			isa = PBXVariantGroup;
			children = (
				10D808781C4225BE0074B058 /* Base */,
			);
			name = LaunchScreen.storyboard;
			sourceTree = "<group>";
		};
/* End PBXVariantGroup section */

/* Begin XCBuildConfiguration section */
		10D808911C4225BE0074B058 /* Debug */ = {
			isa = XCBuildConfiguration;
			buildSettings = {
				ALWAYS_SEARCH_USER_PATHS = NO;
				CLANG_CXX_LANGUAGE_STANDARD = "gnu++0x";
				CLANG_CXX_LIBRARY = "libc++";
				CLANG_ENABLE_MODULES = YES;
				CLANG_ENABLE_OBJC_ARC = YES;
				CLANG_WARN_BOOL_CONVERSION = YES;
				CLANG_WARN_CONSTANT_CONVERSION = YES;
				CLANG_WARN_DIRECT_OBJC_ISA_USAGE = YES_ERROR;
				CLANG_WARN_EMPTY_BODY = YES;
				CLANG_WARN_ENUM_CONVERSION = YES;
				CLANG_WARN_INT_CONVERSION = YES;
				CLANG_WARN_OBJC_ROOT_CLASS = YES_ERROR;
				CLANG_WARN_UNREACHABLE_CODE = YES;
				CLANG_WARN__DUPLICATE_METHOD_MATCH = YES;
				"CODE_SIGN_IDENTITY[sdk=iphoneos*]" = "iPhone Developer";
				COPY_PHASE_STRIP = NO;
				DEBUG_INFORMATION_FORMAT = dwarf;
				ENABLE_STRICT_OBJC_MSGSEND = YES;
				ENABLE_TESTABILITY = YES;
				GCC_C_LANGUAGE_STANDARD = gnu99;
				GCC_DYNAMIC_NO_PIC = NO;
				GCC_NO_COMMON_BLOCKS = YES;
				GCC_OPTIMIZATION_LEVEL = 0;
				GCC_PREPROCESSOR_DEFINITIONS = (
					"DEBUG=1",
					"$(inherited)",
				);
				GCC_WARN_64_TO_32_BIT_CONVERSION = YES;
				GCC_WARN_ABOUT_RETURN_TYPE = YES_ERROR;
				GCC_WARN_UNDECLARED_SELECTOR = YES;
				GCC_WARN_UNINITIALIZED_AUTOS = YES_AGGRESSIVE;
				GCC_WARN_UNUSED_FUNCTION = YES;
				GCC_WARN_UNUSED_VARIABLE = YES;
				IPHONEOS_DEPLOYMENT_TARGET = 9.2;
				MTL_ENABLE_DEBUG_INFO = YES;
				ONLY_ACTIVE_ARCH = YES;
				SDKROOT = iphoneos;
				SWIFT_OPTIMIZATION_LEVEL = "-Onone";
			};
			name = Debug;
		};
		10D808921C4225BE0074B058 /* Release */ = {
			isa = XCBuildConfiguration;
			buildSettings = {
				ALWAYS_SEARCH_USER_PATHS = NO;
				CLANG_CXX_LANGUAGE_STANDARD = "gnu++0x";
				CLANG_CXX_LIBRARY = "libc++";
				CLANG_ENABLE_MODULES = YES;
				CLANG_ENABLE_OBJC_ARC = YES;
				CLANG_WARN_BOOL_CONVERSION = YES;
				CLANG_WARN_CONSTANT_CONVERSION = YES;
				CLANG_WARN_DIRECT_OBJC_ISA_USAGE = YES_ERROR;
				CLANG_WARN_EMPTY_BODY = YES;
				CLANG_WARN_ENUM_CONVERSION = YES;
				CLANG_WARN_INT_CONVERSION = YES;
				CLANG_WARN_OBJC_ROOT_CLASS = YES_ERROR;
				CLANG_WARN_UNREACHABLE_CODE = YES;
				CLANG_WARN__DUPLICATE_METHOD_MATCH = YES;
				"CODE_SIGN_IDENTITY[sdk=iphoneos*]" = "iPhone Developer";
				COPY_PHASE_STRIP = NO;
				DEBUG_INFORMATION_FORMAT = "dwarf-with-dsym";
				ENABLE_NS_ASSERTIONS = NO;
				ENABLE_STRICT_OBJC_MSGSEND = YES;
				GCC_C_LANGUAGE_STANDARD = gnu99;
				GCC_NO_COMMON_BLOCKS = YES;
				GCC_WARN_64_TO_32_BIT_CONVERSION = YES;
				GCC_WARN_ABOUT_RETURN_TYPE = YES_ERROR;
				GCC_WARN_UNDECLARED_SELECTOR = YES;
				GCC_WARN_UNINITIALIZED_AUTOS = YES_AGGRESSIVE;
				GCC_WARN_UNUSED_FUNCTION = YES;
				GCC_WARN_UNUSED_VARIABLE = YES;
				IPHONEOS_DEPLOYMENT_TARGET = 9.2;
				MTL_ENABLE_DEBUG_INFO = NO;
				SDKROOT = iphoneos;
				VALIDATE_PRODUCT = YES;
			};
			name = Release;
		};
		10D808941C4225BE0074B058 /* Debug */ = {
			isa = XCBuildConfiguration;
			buildSettings = {
				ASSETCATALOG_COMPILER_APPICON_NAME = AppIcon;
				INFOPLIST_FILE = tip_calculator/Info.plist;
				IPHONEOS_DEPLOYMENT_TARGET = 7.0;
				LD_RUNPATH_SEARCH_PATHS = "$(inherited) @executable_path/Frameworks";
				PRODUCT_BUNDLE_IDENTIFIER = "com.tip-calculator.tip-calculator";
				PRODUCT_NAME = "$(TARGET_NAME)";
			};
			name = Debug;
		};
		10D808951C4225BE0074B058 /* Release */ = {
			isa = XCBuildConfiguration;
			buildSettings = {
				ASSETCATALOG_COMPILER_APPICON_NAME = AppIcon;
				INFOPLIST_FILE = tip_calculator/Info.plist;
				IPHONEOS_DEPLOYMENT_TARGET = 7.0;
				LD_RUNPATH_SEARCH_PATHS = "$(inherited) @executable_path/Frameworks";
				PRODUCT_BUNDLE_IDENTIFIER = "com.tip-calculator.tip-calculator";
				PRODUCT_NAME = "$(TARGET_NAME)";
			};
			name = Release;
		};
		10D808971C4225BE0074B058 /* Debug */ = {
			isa = XCBuildConfiguration;
			buildSettings = {
				BUNDLE_LOADER = "$(TEST_HOST)";
				INFOPLIST_FILE = tip_calculatorTests/Info.plist;
				LD_RUNPATH_SEARCH_PATHS = "$(inherited) @executable_path/Frameworks @loader_path/Frameworks";
				PRODUCT_BUNDLE_IDENTIFIER = "com.tip-calculator.tip-calculatorTests";
				PRODUCT_NAME = "$(TARGET_NAME)";
				TEST_HOST = "$(BUILT_PRODUCTS_DIR)/tip_calculator.app/tip_calculator";
			};
			name = Debug;
		};
		10D808981C4225BE0074B058 /* Release */ = {
			isa = XCBuildConfiguration;
			buildSettings = {
				BUNDLE_LOADER = "$(TEST_HOST)";
				INFOPLIST_FILE = tip_calculatorTests/Info.plist;
				LD_RUNPATH_SEARCH_PATHS = "$(inherited) @executable_path/Frameworks @loader_path/Frameworks";
				PRODUCT_BUNDLE_IDENTIFIER = "com.tip-calculator.tip-calculatorTests";
				PRODUCT_NAME = "$(TARGET_NAME)";
				TEST_HOST = "$(BUILT_PRODUCTS_DIR)/tip_calculator.app/tip_calculator";
			};
			name = Release;
		};
		10D8089A1C4225BE0074B058 /* Debug */ = {
			isa = XCBuildConfiguration;
			buildSettings = {
				INFOPLIST_FILE = tip_calculatorUITests/Info.plist;
				LD_RUNPATH_SEARCH_PATHS = "$(inherited) @executable_path/Frameworks @loader_path/Frameworks";
				PRODUCT_BUNDLE_IDENTIFIER = "com.tip-calculator.tip-calculatorUITests";
				PRODUCT_NAME = "$(TARGET_NAME)";
				TEST_TARGET_NAME = tip_calculator;
				USES_XCTRUNNER = YES;
			};
			name = Debug;
		};
		10D8089B1C4225BE0074B058 /* Release */ = {
			isa = XCBuildConfiguration;
			buildSettings = {
				INFOPLIST_FILE = tip_calculatorUITests/Info.plist;
				LD_RUNPATH_SEARCH_PATHS = "$(inherited) @executable_path/Frameworks @loader_path/Frameworks";
				PRODUCT_BUNDLE_IDENTIFIER = "com.tip-calculator.tip-calculatorUITests";
				PRODUCT_NAME = "$(TARGET_NAME)";
				TEST_TARGET_NAME = tip_calculator;
				USES_XCTRUNNER = YES;
			};
			name = Release;
		};
/* End XCBuildConfiguration section */

/* Begin XCConfigurationList section */
		10D808661C4225BE0074B058 /* Build configuration list for PBXProject "tip_calculator" */ = {
			isa = XCConfigurationList;
			buildConfigurations = (
				10D808911C4225BE0074B058 /* Debug */,
				10D808921C4225BE0074B058 /* Release */,
			);
			defaultConfigurationIsVisible = 0;
			defaultConfigurationName = Release;
		};
		10D808931C4225BE0074B058 /* Build configuration list for PBXNativeTarget "tip_calculator" */ = {
			isa = XCConfigurationList;
			buildConfigurations = (
				10D808941C4225BE0074B058 /* Debug */,
				10D808951C4225BE0074B058 /* Release */,
			);
			defaultConfigurationIsVisible = 0;
			defaultConfigurationName = Release;
		};
		10D808961C4225BE0074B058 /* Build configuration list for PBXNativeTarget "tip_calculatorTests" */ = {
			isa = XCConfigurationList;
			buildConfigurations = (
				10D808971C4225BE0074B058 /* Debug */,
				10D808981C4225BE0074B058 /* Release */,
			);
			defaultConfigurationIsVisible = 0;
			defaultConfigurationName = Release;
		};
		10D808991C4225BE0074B058 /* Build configuration list for PBXNativeTarget "tip_calculatorUITests" */ = {
			isa = XCConfigurationList;
			buildConfigurations = (
				10D8089A1C4225BE0074B058 /* Debug */,
				10D8089B1C4225BE0074B058 /* Release */,
			);
			defaultConfigurationIsVisible = 0;
			defaultConfigurationName = Release;
		};
/* End XCConfigurationList section */
	};
	rootObject = 10D808631C4225BE0074B058 /* Project object */;
}
